<?xml version="1.0" encoding="utf-8"?>
<Project ToolsVersion="4.0" xmlns="http://schemas.microsoft.com/developer/msbuild/2003">
  <ItemGroup>
    <ClInclude Include="..\include\teamspeak\clientlib_publicdefinitions.h">
      <Filter>include</Filter>
    </ClInclude>
    <ClInclude Include="..\include\teamlog\logtypes.h">
      <Filter>include</Filter>
    </ClInclude>
    <ClInclude Include="..\include\plugin_definitions.h">
      <Filter>include</Filter>
    </ClInclude>
    <ClInclude Include="..\include\teamspeak\public_definitions.h">
      <Filter>include</Filter>
    </ClInclude>
    <ClInclude Include="..\include\teamspeak\public_errors.h">
      <Filter>include</Filter>
    </ClInclude>
    <ClInclude Include="..\include\teamspeak\public_errors_rare.h">
      <Filter>include</Filter>
    </ClInclude>
    <ClInclude Include="..\include\teamspeak\public_rare_definitions.h">
      <Filter>include</Filter>
    </ClInclude>
    <ClInclude Include="..\include\ts3_functions.h">
      <Filter>include</Filter>
    </ClInclude>
    <ClInclude Include="plugin.h">
      <Filter>src</Filter>
    </ClInclude>
  </ItemGroup>
  <ItemGroup>
    <Filter Include="include">
      <UniqueIdentifier>{e753eea7-3fc5-483a-87ab-426c873f98be}</UniqueIdentifier>
    </Filter>
    <Filter Include="src">
      <UniqueIdentifier>{217e21bd-908b-41ed-8795-9909881caa04}</UniqueIdentifier>
    </Filter>
  </ItemGroup>
  <ItemGroup>
    <ClCompile Include="plugin.cpp">
      <Filter>src</Filter>
    </ClCompile>
  </ItemGroup>
</Project>